Microsoft Visual Studio Solution File, Format Version 11.00
# Visual Studio 2008

Project("{14B34484-0B34-D080-71EE-13B3A8BD18C2}") = "TicTacToe", "Assembly-CSharp.csproj", "{EC85223C-5F0F-1F9D-B45A-9D9BC3BA2DEC}"
EndProject
Project("{14B34484-0B34-D080-71EE-13B3A8BD18C2}") = "TicTacToe", "Assembly-CSharp-Editor.csproj", "{5DC36F08-CC8F-C339-B4D3-6EC64E33B694}"
EndProject
Global
	GlobalSection(SolutionConfigurationPlatforms) = preSolution
		Debug|Any CPU = Debug|Any CPU
		Release|Any CPU = Release|Any CPU
	EndGlobalSection
	GlobalSection(ProjectConfigurationPlatforms) = postSolution
		{EC85223C-5F0F-1F9D-B45A-9D9BC3BA2DEC}.Debug|Any CPU.ActiveCfg = Debug|Any CPU
		{EC85223C-5F0F-1F9D-B45A-9D9BC3BA2DEC}.Debug|Any CPU.Build.0 = Debug|Any CPU
		{EC85223C-5F0F-1F9D-B45A-9D9BC3BA2DEC}.Release|Any CPU.ActiveCfg = Release|Any CPU
		{EC85223C-5F0F-1F9D-B45A-9D9BC3BA2DEC}.Release|Any CPU.Build.0 = Release|Any CPU
		{5DC36F08-CC8F-C339-B4D3-6EC64E33B694}.Debug|Any CPU.ActiveCfg = Debug|Any CPU
		{5DC36F08-CC8F-C339-B4D3-6EC64E33B694}.Debug|Any CPU.Build.0 = Debug|Any CPU
		{5DC36F08-CC8F-C339-B4D3-6EC64E33B694}.Release|Any CPU.ActiveCfg = Release|Any CPU
		{5DC36F08-CC8F-C339-B4D3-6EC64E33B694}.Release|Any CPU.Build.0 = Release|Any CPU
	EndGlobalSection
	GlobalSection(SolutionProperties) = preSolution
		HideSolutionNode = FALSE
	EndGlobalSection
			GlobalSection(MonoDevelopProperties) = preSolution
		StartupItem = Assembly-CSharp.csproj
		Policies = $0
		$0.TextStylePolicy = $1
		$1.FileWidth = 120
		$1.IndentWidth = 8
		$1.EolMarker = Unix
		$1.inheritsSet = VisualStudio
		$1.inheritsScope = text/plain
		$1.scope = text/x-csharp
		$0.CSharpFormattingPolicy = $2
		$2.inheritsSet = Mono
		$2.inheritsScope = text/x-csharp
		$2.scope = text/x-csharp
		$0.TextStylePolicy = $3
		$3.FileWidth = 120
		$3.TabWidth = 4
		$3.EolMarker = Unix
		$3.inheritsSet = Mono
		$3.inheritsScope = text/plain
		$3.scope = text/plain
	EndGlobalSection

EndGlobal
