
Microsoft Visual Studio Solution File, Format Version 11.00
# Visual Studio 2010
Project("{FAE04EC0-301F-11D3-BF4B-00C04F79EFBC}") = "Assembly-CSharp", "Assembly-CSharp.csproj", "{CACD978F-E1BF-0FE0-BC50-844A6B395FAA}"
EndProject
Project("{FAE04EC0-301F-11D3-BF4B-00C04F79EFBC}") = "Assembly-CSharp-Editor", "Assembly-CSharp-Editor.csproj", "{1ADFA820-F962-7934-F1B4-7FF664E73194}"
EndProject
Global
	GlobalSection(SolutionConfigurationPlatforms) = preSolution
		Debug|Any CPU = Debug|Any CPU
		Release|Any CPU = Release|Any CPU
	EndGlobalSection
	GlobalSection(ProjectConfigurationPlatforms) = postSolution
		{1ADFA820-F962-7934-F1B4-7FF664E73194}.Debug|Any CPU.ActiveCfg = Debug|Any CPU
		{1ADFA820-F962-7934-F1B4-7FF664E73194}.Debug|Any CPU.Build.0 = Debug|Any CPU
		{1ADFA820-F962-7934-F1B4-7FF664E73194}.Release|Any CPU.ActiveCfg = Release|Any CPU
		{1ADFA820-F962-7934-F1B4-7FF664E73194}.Release|Any CPU.Build.0 = Release|Any CPU
		{CACD978F-E1BF-0FE0-BC50-844A6B395FAA}.Debug|Any CPU.ActiveCfg = Debug|Any CPU
		{CACD978F-E1BF-0FE0-BC50-844A6B395FAA}.Debug|Any CPU.Build.0 = Debug|Any CPU
		{CACD978F-E1BF-0FE0-BC50-844A6B395FAA}.Release|Any CPU.ActiveCfg = Release|Any CPU
		{CACD978F-E1BF-0FE0-BC50-844A6B395FAA}.Release|Any CPU.Build.0 = Release|Any CPU
	EndGlobalSection
	GlobalSection(MonoDevelopProperties) = preSolution
		StartupItem = Assembly-CSharp.csproj
		Policies = $0
		$0.TextStylePolicy = $1
		$1.FileWidth = 120
		$1.IndentWidth = 8
		$1.EolMarker = Unix
		$1.inheritsSet = VisualStudio
		$1.inheritsScope = text/plain
		$1.scope = text/x-csharp
		$0.CSharpFormattingPolicy = $2
		$2.inheritsSet = Mono
		$2.inheritsScope = text/x-csharp
		$2.scope = text/x-csharp
		$0.TextStylePolicy = $3
		$3.FileWidth = 120
		$3.TabWidth = 4
		$3.EolMarker = Unix
		$3.inheritsSet = Mono
		$3.inheritsScope = text/plain
		$3.scope = text/plain
	EndGlobalSection
	GlobalSection(SolutionProperties) = preSolution
		HideSolutionNode = FALSE
	EndGlobalSection
EndGlobal
