Microsoft Visual Studio Solution File, Format Version 11.00
# Visual Studio 2008

Project("{30FC6BBB-A821-2524-3ECF-4DDB27FEE645}") = "Minimal", "Assembly-CSharp.csproj", "{F4D796F0-1CEC-0280-7F10-567A9BF3D02A}"
EndProject
Project("{30FC6BBB-A821-2524-3ECF-4DDB27FEE645}") = "Minimal", "Assembly-CSharp-Editor.csproj", "{90920AA6-5006-41A6-9C1A-C3C39C0E027D}"
EndProject
Global
	GlobalSection(SolutionConfigurationPlatforms) = preSolution
		Debug|Any CPU = Debug|Any CPU
		Release|Any CPU = Release|Any CPU
	EndGlobalSection
	GlobalSection(ProjectConfigurationPlatforms) = postSolution
		{F4D796F0-1CEC-0280-7F10-567A9BF3D02A}.Debug|Any CPU.ActiveCfg = Debug|Any CPU
		{F4D796F0-1CEC-0280-7F10-567A9BF3D02A}.Debug|Any CPU.Build.0 = Debug|Any CPU
		{F4D796F0-1CEC-0280-7F10-567A9BF3D02A}.Release|Any CPU.ActiveCfg = Release|Any CPU
		{F4D796F0-1CEC-0280-7F10-567A9BF3D02A}.Release|Any CPU.Build.0 = Release|Any CPU
		{90920AA6-5006-41A6-9C1A-C3C39C0E027D}.Debug|Any CPU.ActiveCfg = Debug|Any CPU
		{90920AA6-5006-41A6-9C1A-C3C39C0E027D}.Debug|Any CPU.Build.0 = Debug|Any CPU
		{90920AA6-5006-41A6-9C1A-C3C39C0E027D}.Release|Any CPU.ActiveCfg = Release|Any CPU
		{90920AA6-5006-41A6-9C1A-C3C39C0E027D}.Release|Any CPU.Build.0 = Release|Any CPU
	EndGlobalSection
	GlobalSection(SolutionProperties) = preSolution
		HideSolutionNode = FALSE
	EndGlobalSection
																																					GlobalSection(MonoDevelopProperties) = preSolution
		StartupItem = Assembly-CSharp.csproj
		Policies = $0
		$0.TextStylePolicy = $1
		$1.inheritsSet = null
		$1.scope = text/x-csharp
		$0.CSharpFormattingPolicy = $2
		$2.inheritsSet = Mono
		$2.inheritsScope = text/x-csharp
		$2.scope = text/x-csharp
		$0.TextStylePolicy = $3
		$3.FileWidth = 120
		$3.TabWidth = 4
		$3.EolMarker = Unix
		$3.inheritsSet = Mono
		$3.inheritsScope = text/plain
		$3.scope = text/plain
	EndGlobalSection

EndGlobal
